
Microsoft Visual Studio Solution File, Format Version 12.00
# Visual Studio Version 16
VisualStudioVersion = 16.0.31005.135
MinimumVisualStudioVersion = 10.0.40219.1
Project("{FAE04EC0-301F-11D3-BF4B-00C04F79EFBC}") = "ImperialRegister", "ImperialRegister.csproj", "{BE9FB7A0-0346-40B0-99FD-4B8FA3EE449C}"
EndProject
Project("{2150E333-8FDC-42A3-9474-1A3956D46DE8}") = "Solution Items", "Solution Items", "{B0C0A7A5-7664-48A0-9D97-C599EA8B6881}"
	ProjectSection(SolutionItems) = preProject
		ImperialRegisterDeclaration.cs = ImperialRegisterDeclaration.cs
	EndProjectSection
EndProject
Global
	GlobalSection(SolutionConfigurationPlatforms) = preSolution
		Debug|Any CPU = Debug|Any CPU
		Release|Any CPU = Release|Any CPU
	EndGlobalSection
	GlobalSection(ProjectConfigurationPlatforms) = postSolution
		{BE9FB7A0-0346-40B0-99FD-4B8FA3EE449C}.Debug|Any CPU.ActiveCfg = Debug|Any CPU
		{BE9FB7A0-0346-40B0-99FD-4B8FA3EE449C}.Debug|Any CPU.Build.0 = Debug|Any CPU
		{BE9FB7A0-0346-40B0-99FD-4B8FA3EE449C}.Release|Any CPU.ActiveCfg = Release|Any CPU
		{BE9FB7A0-0346-40B0-99FD-4B8FA3EE449C}.Release|Any CPU.Build.0 = Release|Any CPU
	EndGlobalSection
	GlobalSection(SolutionProperties) = preSolution
		HideSolutionNode = FALSE
	EndGlobalSection
	GlobalSection(ExtensibilityGlobals) = postSolution
		SolutionGuid = {65203595-4CA8-404A-80B6-2325E1712C78}
	EndGlobalSection
EndGlobal
